
Microsoft Visual Studio Solution File, Format Version 12.00
# Visual Studio Version 17
VisualStudioVersion = 17.3.32825.248
MinimumVisualStudioVersion = 10.0.40219.1
Project("{FAE04EC0-301F-11D3-BF4B-00C04F79EFBC}") = "тортики", "тортики\тортики.csproj", "{8F46FF6C-621F-466F-B023-C31ABF3C2AC5}"
EndProject
Global
	GlobalSection(SolutionConfigurationPlatforms) = preSolution
		Debug|Any CPU = Debug|Any CPU
		Release|Any CPU = Release|Any CPU
	EndGlobalSection
	GlobalSection(ProjectConfigurationPlatforms) = postSolution
		{8F46FF6C-621F-466F-B023-C31ABF3C2AC5}.Debug|Any CPU.ActiveCfg = Debug|Any CPU
		{8F46FF6C-621F-466F-B023-C31ABF3C2AC5}.Debug|Any CPU.Build.0 = Debug|Any CPU
		{8F46FF6C-621F-466F-B023-C31ABF3C2AC5}.Release|Any CPU.ActiveCfg = Release|Any CPU
		{8F46FF6C-621F-466F-B023-C31ABF3C2AC5}.Release|Any CPU.Build.0 = Release|Any CPU
	EndGlobalSection
	GlobalSection(SolutionProperties) = preSolution
		HideSolutionNode = FALSE
	EndGlobalSection
	GlobalSection(ExtensibilityGlobals) = postSolution
		SolutionGuid = {CA25BD04-FDC8-492E-BCA1-6F7684245CD6}
	EndGlobalSection
EndGlobal
